// !$*UTF8*$!
{
	archiveVersion = 1;
	classes = {
	};
	objectVersion = 50;
	objects = {

/* Begin PBXBuildFile section */
		07575D1B250BD15300B3872F /* AppDelegate.swift in Sources */ = {isa = PBXBuildFile; fileRef = 07575D1A250BD15300B3872F /* AppDelegate.swift */; };
		07575D1D250BD15300B3872F /* SceneDelegate.swift in Sources */ = {isa = PBXBuildFile; fileRef = 07575D1C250BD15300B3872F /* SceneDelegate.swift */; };
		07575D1F250BD15300B3872F /* ViewController.swift in Sources */ = {isa = PBXBuildFile; fileRef = 07575D1E250BD15300B3872F /* ViewController.swift */; };
		07575D22250BD15300B3872F /* Main.storyboard in Resources */ = {isa = PBXBuildFile; fileRef = 07575D20250BD15300B3872F /* Main.storyboard */; };
		07575D24250BD15300B3872F /* ContentView.swift in Sources */ = {isa = PBXBuildFile; fileRef = 07575D23250BD15300B3872F /* ContentView.swift */; };
		07575D26250BD15400B3872F /* Assets.xcassets in Resources */ = {isa = PBXBuildFile; fileRef = 07575D25250BD15400B3872F /* Assets.xcassets */; };
		07575D29250BD15400B3872F /* LaunchScreen.storyboard in Resources */ = {isa = PBXBuildFile; fileRef = 07575D27250BD15400B3872F /* LaunchScreen.storyboard */; };
		07575D31250BD24300B3872F /* Question.swift in Sources */ = {isa = PBXBuildFile; fileRef = 07575D30250BD24300B3872F /* Question.swift */; };
/* End PBXBuildFile section */

/* Begin PBXFileReference section */
		07575D17250BD15300B3872F /* QuestionPB.app */ = {isa = PBXFileReference; explicitFileType = wrapper.application; includeInIndex = 0; path = QuestionPB.app; sourceTree = BUILT_PRODUCTS_DIR; };
		07575D1A250BD15300B3872F /* AppDelegate.swift */ = {isa = PBXFileReference; lastKnownFileType = sourcecode.swift; path = AppDelegate.swift; sourceTree = "<group>"; };
		07575D1C250BD15300B3872F /* SceneDelegate.swift */ = {isa = PBXFileReference; lastKnownFileType = sourcecode.swift; path = SceneDelegate.swift; sourceTree = "<group>"; };
		07575D1E250BD15300B3872F /* ViewController.swift */ = {isa = PBXFileReference; lastKnownFileType = sourcecode.swift; path = ViewController.swift; sourceTree = "<group>"; };
		07575D21250BD15300B3872F /* Base */ = {isa = PBXFileReference; lastKnownFileType = file.storyboard; name = Base; path = Base.lproj/Main.storyboard; sourceTree = "<group>"; };
		07575D23250BD15300B3872F /* ContentView.swift */ = {isa = PBXFileReference; lastKnownFileType = sourcecode.swift; path = ContentView.swift; sourceTree = "<group>"; };
		07575D25250BD15400B3872F /* Assets.xcassets */ = {isa = PBXFileReference; lastKnownFileType = folder.assetcatalog; path = Assets.xcassets; sourceTree = "<group>"; };
		07575D28250BD15400B3872F /* Base */ = {isa = PBXFileReference; lastKnownFileType = file.storyboard; name = Base; path = Base.lproj/LaunchScreen.storyboard; sourceTree = "<group>"; };
		07575D2A250BD15400B3872F /* Info.plist */ = {isa = PBXFileReference; lastKnownFileType = text.plist.xml; path = Info.plist; sourceTree = "<group>"; };
		07575D30250BD24300B3872F /* Question.swift */ = {isa = PBXFileReference; lastKnownFileType = sourcecode.swift; path = Question.swift; sourceTree = "<group>"; };
/* End PBXFileReference section */

/* Begin PBXFrameworksBuildPhase section */
		07575D14250BD15300B3872F /* Frameworks */ = {
			isa = PBXFrameworksBuildPhase;
			buildActionMask = 2147483647;
			files = (
			);
			runOnlyForDeploymentPostprocessing = 0;
		};
/* End PBXFrameworksBuildPhase section */

/* Begin PBXGroup section */
		07575D0E250BD15300B3872F = {
			isa = PBXGroup;
			children = (
				07575D19250BD15300B3872F /* QuestionPB */,
				07575D18250BD15300B3872F /* Products */,
			);
			sourceTree = "<group>";
		};
		07575D18250BD15300B3872F /* Products */ = {
			isa = PBXGroup;
			children = (
				07575D17250BD15300B3872F /* QuestionPB.app */,
			);
			name = Products;
			sourceTree = "<group>";
		};
		07575D19250BD15300B3872F /* QuestionPB */ = {
			isa = PBXGroup;
			children = (
				07575D1A250BD15300B3872F /* AppDelegate.swift */,
				07575D1C250BD15300B3872F /* SceneDelegate.swift */,
				07575D1E250BD15300B3872F /* ViewController.swift */,
				07575D20250BD15300B3872F /* Main.storyboard */,
				07575D30250BD24300B3872F /* Question.swift */,
				07575D23250BD15300B3872F /* ContentView.swift */,
				07575D25250BD15400B3872F /* Assets.xcassets */,
				07575D27250BD15400B3872F /* LaunchScreen.storyboard */,
				07575D2A250BD15400B3872F /* Info.plist */,
			);
			path = QuestionPB;
			sourceTree = "<group>";
		};
/* End PBXGroup section */

/* Begin PBXNativeTarget section */
		07575D16250BD15300B3872F /* QuestionPB */ = {
			isa = PBXNativeTarget;
			buildConfigurationList = 07575D2D250BD15400B3872F /* Build configuration list for PBXNativeTarget "QuestionPB" */;
			buildPhases = (
				07575D13250BD15300B3872F /* Sources */,
				07575D14250BD15300B3872F /* Frameworks */,
				07575D15250BD15300B3872F /* Resources */,
			);
			buildRules = (
			);
			dependencies = (
			);
			name = QuestionPB;
			productName = QuestionPB;
			productReference = 07575D17250BD15300B3872F /* QuestionPB.app */;
			productType = "com.apple.product-type.application";
		};
/* End PBXNativeTarget section */

/* Begin PBXProject section */
		07575D0F250BD15300B3872F /* Project object */ = {
			isa = PBXProject;
			attributes = {
				LastSwiftUpdateCheck = 1200;
				LastUpgradeCheck = 1200;
				TargetAttributes = {
					07575D16250BD15300B3872F = {
						CreatedOnToolsVersion = 12.0;
					};
				};
			};
			buildConfigurationList = 07575D12250BD15300B3872F /* Build configuration list for PBXProject "QuestionPB" */;
			compatibilityVersion = "Xcode 9.3";
			developmentRegion = en;
			hasScannedForEncodings = 0;
			knownRegions = (
				en,
				Base,
			);
			mainGroup = 07575D0E250BD15300B3872F;
			productRefGroup = 07575D18250BD15300B3872F /* Products */;
			projectDirPath = "";
			projectRoot = "";
			targets = (
				07575D16250BD15300B3872F /* QuestionPB */,
			);
		};
/* End PBXProject section */

/* Begin PBXResourcesBuildPhase section */
		07575D15250BD15300B3872F /* Resources */ = {
			isa = PBXResourcesBuildPhase;
			buildActionMask = 2147483647;
			files = (
				07575D29250BD15400B3872F /* LaunchScreen.storyboard in Resources */,
				07575D26250BD15400B3872F /* Assets.xcassets in Resources */,
				07575D22250BD15300B3872F /* Main.storyboard in Resources */,
			);
			runOnlyForDeploymentPostprocessing = 0;
		};
/* End PBXResourcesBuildPhase section */

/* Begin PBXSourcesBuildPhase section */
		07575D13250BD15300B3872F /* Sources */ = {
			isa = PBXSourcesBuildPhase;
			buildActionMask = 2147483647;
			files = (
				07575D31250BD24300B3872F /* Question.swift in Sources */,
				07575D1F250BD15300B3872F /* ViewController.swift in Sources */,
				07575D1B250BD15300B3872F /* AppDelegate.swift in Sources */,
				07575D24250BD15300B3872F /* ContentView.swift in Sources */,
				07575D1D250BD15300B3872F /* SceneDelegate.swift in Sources */,
			);
			runOnlyForDeploymentPostprocessing = 0;
		};
/* End PBXSourcesBuildPhase section */

/* Begin PBXVariantGroup section */
		07575D20250BD15300B3872F /* Main.storyboard */ = {
			isa = PBXVariantGroup;
			children = (
				07575D21250BD15300B3872F /* Base */,
			);
			name = Main.storyboard;
			sourceTree = "<group>";
		};
		07575D27250BD15400B3872F /* LaunchScreen.storyboard */ = {
			isa = PBXVariantGroup;
			children = (
				07575D28250BD15400B3872F /* Base */,
			);
			name = LaunchScreen.storyboard;
			sourceTree = "<group>";
		};
/* End PBXVariantGroup section */

/* Begin XCBuildConfiguration section */
		07575D2B250BD15400B3872F /* Debug */ = {
			isa = XCBuildConfiguration;
			buildSettings = {
				ALWAYS_SEARCH_USER_PATHS = NO;
				CLANG_ANALYZER_NONNULL = YES;
				CLANG_ANALYZER_NUMBER_OBJECT_CONVERSION = YES_AGGRESSIVE;
				CLANG_CXX_LANGUAGE_STANDARD = "gnu++14";
				CLANG_CXX_LIBRARY = "libc++";
				CLANG_ENABLE_MODULES = YES;
				CLANG_ENABLE_OBJC_ARC = YES;
				CLANG_ENABLE_OBJC_WEAK = YES;
				CLANG_WARN_BLOCK_CAPTURE_AUTORELEASING = YES;
				CLANG_WARN_BOOL_CONVERSION = YES;
				CLANG_WARN_COMMA = YES;
				CLANG_WARN_CONSTANT_CONVERSION = YES;
				CLANG_WARN_DEPRECATED_OBJC_IMPLEMENTATIONS = YES;
				CLANG_WARN_DIRECT_OBJC_ISA_USAGE = YES_ERROR;
				CLANG_WARN_DOCUMENTATION_COMMENTS = YES;
				CLANG_WARN_EMPTY_BODY = YES;
				CLANG_WARN_ENUM_CONVERSION = YES;
				CLANG_WARN_INFINITE_RECURSION = YES;
				CLANG_WARN_INT_CONVERSION = YES;
				CLANG_WARN_NON_LITERAL_NULL_CONVERSION = YES;
				CLANG_WARN_OBJC_IMPLICIT_RETAIN_SELF = YES;
				CLANG_WARN_OBJC_LITERAL_CONVERSION = YES;
				CLANG_WARN_OBJC_ROOT_CLASS = YES_ERROR;
				CLANG_WARN_QUOTED_INCLUDE_IN_FRAMEWORK_HEADER = YES;
				CLANG_WARN_RANGE_LOOP_ANALYSIS = YES;
				CLANG_WARN_STRICT_PROTOTYPES = YES;
				CLANG_WARN_SUSPICIOUS_MOVE = YES;
				CLANG_WARN_UNGUARDED_AVAILABILITY = YES_AGGRESSIVE;
				CLANG_WARN_UNREACHABLE_CODE = YES;
				CLANG_WARN__DUPLICATE_METHOD_MATCH = YES;
				COPY_PHASE_STRIP = NO;
				DEBUG_INFORMATION_FORMAT = dwarf;
				ENABLE_STRICT_OBJC_MSGSEND = YES;
				ENABLE_TESTABILITY = YES;
				GCC_C_LANGUAGE_STANDARD = gnu11;
				GCC_DYNAMIC_NO_PIC = NO;
				GCC_NO_COMMON_BLOCKS = YES;
				GCC_OPTIMIZATION_LEVEL = 0;
				GCC_PREPROCESSOR_DEFINITIONS = (
					"DEBUG=1",
					"$(inherited)",
				);
				GCC_WARN_64_TO_32_BIT_CONVERSION = YES;
				GCC_WARN_ABOUT_RETURN_TYPE = YES_ERROR;
				GCC_WARN_UNDECLARED_SELECTOR = YES;
				GCC_WARN_UNINITIALIZED_AUTOS = YES_AGGRESSIVE;
				GCC_WARN_UNUSED_FUNCTION = YES;
				GCC_WARN_UNUSED_VARIABLE = YES;
				IPHONEOS_DEPLOYMENT_TARGET = 14.0;
				MTL_ENABLE_DEBUG_INFO = INCLUDE_SOURCE;
				MTL_FAST_MATH = YES;
				ONLY_ACTIVE_ARCH = YES;
				SDKROOT = iphoneos;
				SWIFT_ACTIVE_COMPILATION_CONDITIONS = DEBUG;
				SWIFT_OPTIMIZATION_LEVEL = "-Onone";
			};
			name = Debug;
		};
		07575D2C250BD15400B3872F /* Release */ = {
			isa = XCBuildConfiguration;
			buildSettings = {
				ALWAYS_SEARCH_USER_PATHS = NO;
				CLANG_ANALYZER_NONNULL = YES;
				CLANG_ANALYZER_NUMBER_OBJECT_CONVERSION = YES_AGGRESSIVE;
				CLANG_CXX_LANGUAGE_STANDARD = "gnu++14";
				CLANG_CXX_LIBRARY = "libc++";
				CLANG_ENABLE_MODULES = YES;
				CLANG_ENABLE_OBJC_ARC = YES;
				CLANG_ENABLE_OBJC_WEAK = YES;
				CLANG_WARN_BLOCK_CAPTURE_AUTORELEASING = YES;
				CLANG_WARN_BOOL_CONVERSION = YES;
				CLANG_WARN_COMMA = YES;
				CLANG_WARN_CONSTANT_CONVERSION = YES;
				CLANG_WARN_DEPRECATED_OBJC_IMPLEMENTATIONS = YES;
				CLANG_WARN_DIRECT_OBJC_ISA_USAGE = YES_ERROR;
				CLANG_WARN_DOCUMENTATION_COMMENTS = YES;
				CLANG_WARN_EMPTY_BODY = YES;
				CLANG_WARN_ENUM_CONVERSION = YES;
				CLANG_WARN_INFINITE_RECURSION = YES;
				CLANG_WARN_INT_CONVERSION = YES;
				CLANG_WARN_NON_LITERAL_NULL_CONVERSION = YES;
				CLANG_WARN_OBJC_IMPLICIT_RETAIN_SELF = YES;
				CLANG_WARN_OBJC_LITERAL_CONVERSION = YES;
				CLANG_WARN_OBJC_ROOT_CLASS = YES_ERROR;
				CLANG_WARN_QUOTED_INCLUDE_IN_FRAMEWORK_HEADER = YES;
				CLANG_WARN_RANGE_LOOP_ANALYSIS = YES;
				CLANG_WARN_STRICT_PROTOTYPES = YES;
				CLANG_WARN_SUSPICIOUS_MOVE = YES;
				CLANG_WARN_UNGUARDED_AVAILABILITY = YES_AGGRESSIVE;
				CLANG_WARN_UNREACHABLE_CODE = YES;
				CLANG_WARN__DUPLICATE_METHOD_MATCH = YES;
				COPY_PHASE_STRIP = NO;
				DEBUG_INFORMATION_FORMAT = "dwarf-with-dsym";
				ENABLE_NS_ASSERTIONS = NO;
				ENABLE_STRICT_OBJC_MSGSEND = YES;
				GCC_C_LANGUAGE_STANDARD = gnu11;
				GCC_NO_COMMON_BLOCKS = YES;
				GCC_WARN_64_TO_32_BIT_CONVERSION = YES;
				GCC_WARN_ABOUT_RETURN_TYPE = YES_ERROR;
				GCC_WARN_UNDECLARED_SELECTOR = YES;
				GCC_WARN_UNINITIALIZED_AUTOS = YES_AGGRESSIVE;
				GCC_WARN_UNUSED_FUNCTION = YES;
				GCC_WARN_UNUSED_VARIABLE = YES;
				IPHONEOS_DEPLOYMENT_TARGET = 14.0;
				MTL_ENABLE_DEBUG_INFO = NO;
				MTL_FAST_MATH = YES;
				SDKROOT = iphoneos;
				SWIFT_COMPILATION_MODE = wholemodule;
				SWIFT_OPTIMIZATION_LEVEL = "-O";
				VALIDATE_PRODUCT = YES;
			};
			name = Release;
		};
		07575D2E250BD15400B3872F /* Debug */ = {
			isa = XCBuildConfiguration;
			buildSettings = {
				ASSETCATALOG_COMPILER_APPICON_NAME = AppIcon;
				ASSETCATALOG_COMPILER_GLOBAL_ACCENT_COLOR_NAME = AccentColor;
				CODE_SIGN_STYLE = Automatic;
				INFOPLIST_FILE = QuestionPB/Info.plist;
				LD_RUNPATH_SEARCH_PATHS = (
					"$(inherited)",
					"@executable_path/Frameworks",
				);
				PRODUCT_BUNDLE_IDENTIFIER = com.chingwen.QuestionPB;
				PRODUCT_NAME = "$(TARGET_NAME)";
				SWIFT_VERSION = 5.0;
				TARGETED_DEVICE_FAMILY = "1,2";
			};
			name = Debug;
		};
		07575D2F250BD15400B3872F /* Release */ = {
			isa = XCBuildConfiguration;
			buildSettings = {
				ASSETCATALOG_COMPILER_APPICON_NAME = AppIcon;
				ASSETCATALOG_COMPILER_GLOBAL_ACCENT_COLOR_NAME = AccentColor;
				CODE_SIGN_STYLE = Automatic;
				INFOPLIST_FILE = QuestionPB/Info.plist;
				LD_RUNPATH_SEARCH_PATHS = (
					"$(inherited)",
					"@executable_path/Frameworks",
				);
				PRODUCT_BUNDLE_IDENTIFIER = com.chingwen.QuestionPB;
				PRODUCT_NAME = "$(TARGET_NAME)";
				SWIFT_VERSION = 5.0;
				TARGETED_DEVICE_FAMILY = "1,2";
			};
			name = Release;
		};
/* End XCBuildConfiguration section */

/* Begin XCConfigurationList section */
		07575D12250BD15300B3872F /* Build configuration list for PBXProject "QuestionPB" */ = {
			isa = XCConfigurationList;
			buildConfigurations = (
				07575D2B250BD15400B3872F /* Debug */,
				07575D2C250BD15400B3872F /* Release */,
			);
			defaultConfigurationIsVisible = 0;
			defaultConfigurationName = Release;
		};
		07575D2D250BD15400B3872F /* Build configuration list for PBXNativeTarget "QuestionPB" */ = {
			isa = XCConfigurationList;
			buildConfigurations = (
				07575D2E250BD15400B3872F /* Debug */,
				07575D2F250BD15400B3872F /* Release */,
			);
			defaultConfigurationIsVisible = 0;
			defaultConfigurationName = Release;
		};
/* End XCConfigurationList section */
	};
	rootObject = 07575D0F250BD15300B3872F /* Project object */;
}
